# THIS IS AN AUTOGENERATED FILE. DO NOT EDIT THIS FILE DIRECTLY.
# yarn lockfile v1


mobx-react-lite@^3.4.0:
  version "3.4.0"
  resolved "https://registry.yarnpkg.com/mobx-react-lite/-/mobx-react-lite-3.4.0.tgz#d59156a96889cdadad751e5e4dab95f28926dfff"
  integrity sha512-bRuZp3C0itgLKHu/VNxi66DN/XVkQG7xtoBVWxpvC5FhAqbOCP21+nPhULjnzEqd7xBMybp6KwytdUpZKEgpIQ==

mobx-react@^7.5.3:
  version "7.5.3"
  resolved "https://registry.yarnpkg.com/mobx-react/-/mobx-react-7.5.3.tgz#74b1c148d2f2a1affab3153ea570ab52c7eff70c"
  integrity sha512-+ltotliKt4Bjn3d8taZH/VFAcRUbaASvsM8/QSvmHXcZ++RZwaFtjl9JkIosy1byaJGEDS3EFFx2InRm2VaSUw==
  dependencies:
    mobx-react-lite "^3.4.0"

mobx@^6.6.2:
  version "6.6.2"
  resolved "https://registry.yarnpkg.com/mobx/-/mobx-6.6.2.tgz#9d9102a0e337e3fc09cb2d8ca0c6f00b61270d5a"
  integrity sha512-IOpS0bf3+hXIhDIy+CmlNMBfFpAbHS0aVHcNC+xH/TFYEKIIVDKNYRh9eKlXuVfJ1iRKAp0cRVmO145CyJAMVQ==
